{
  "name": "self-discipline-monitor",
  "lockfileVersion": 3,
  "requires": true,
  "packages": {
    "": {
      "name": "self-discipline-monitor",
      "dependencies": {
        "@supabase/supabase-js": "^2.49.1",
        "rss-parser": "^3.13.0"
      }
    },
    "node_modules/@supabase/auth-js": {
      "version": "2.110.1",
      "resolved": "https://registry.npmjs.org/@supabase/auth-js/-/auth-js-2.110.1.tgz",
      "integrity": "sha512-8EJUoRoqzAYWkieHrLCrGrxs3cBbRB94xK8GzHe0aSLlSa4mt1enYLCiMgLiKJOF8GNYeX6PLTBNef0XAhILgw==",
      "license": "MIT",
      "dependencies": {
        "tslib": "2.8.1"
      },
      "engines": {
        "node": ">=22.0.0"
      }
    },
    "node_modules/@supabase/functions-js": {
      "version": "2.110.1",
      "resolved": "https://registry.npmjs.org/@supabase/functions-js/-/functions-js-2.110.1.tgz",
      "integrity": "sha512-Pm9HD9Qth6zQO0aOGZ3DxYb6QlCzrkTkP6eUEOvhTlbvcvYRDSCZXIJ5dkDLpqxD+gdrXfWDFOpU9BpRKYjsIQ==",
      "license": "MIT",
      "dependencies": {
        "tslib": "2.8.1"
      },
      "engines": {
        "node": ">=22.0.0"
      }
    },
    "node_modules/@supabase/phoenix": {
      "version": "0.4.4",
      "resolved": "https://registry.npmjs.org/@supabase/phoenix/-/phoenix-0.4.4.tgz",
      "integrity": "sha512-Gt0pqoXuIqX/8dvG0OKp/wMCobXNH3klNbUPBNyOfN0YA1IswrM3HyWFMOPk1Jy+BRaIyDPcFx4jLBwHNmlyfQ==",
      "license": "MIT"
    },
    "node_modules/@supabase/postgrest-js": {
      "version": "2.110.1",
      "resolved": "https://registry.npmjs.org/@supabase/postgrest-js/-/postgrest-js-2.110.1.tgz",
      "integrity": "sha512-BILNhS40oGlP2bn/VJjh/1hCyrWNMmpGZGcCrPvqd5R3s8gf8Bd5qyKoHZdMwTKynGCuJGjagRXa069abhibMw==",
      "license": "MIT",
      "dependencies": {
        "tslib": "2.8.1"
      },
      "engines": {
        "node": ">=22.0.0"
      }
    },
    "node_modules/@supabase/realtime-js": {
      "version": "2.110.1",
      "resolved": "https://registry.npmjs.org/@supabase/realtime-js/-/realtime-js-2.110.1.tgz",
      "integrity": "sha512-JmWCpMoe2iJPNrXIdHqIvf2Mie6NfSuWHS9Ve6YCmLkn1mNl3vrK3a67IukJ5lPjgmAzB+jFagyMz2oSIX+Xnw==",
      "license": "MIT",
      "dependencies": {
        "@supabase/phoenix": "0.4.4",
        "tslib": "2.8.1"
      },
      "engines": {
        "node": ">=22.0.0"
      }
    },
    "node_modules/@supabase/storage-js": {
      "version": "2.110.1",
      "resolved": "https://registry.npmjs.org/@supabase/storage-js/-/storage-js-2.110.1.tgz",
      "integrity": "sha512-UqJGzhFMiIRBe8vT7a6ZtrN2U5YufH4Tk9nyc9KKfa2TUtV11BkSg/v3lyy/c4A8SbekVH3UywTF0s42zpF4zw==",
      "license": "MIT",
      "dependencies": {
        "iceberg-js": "^0.8.1",
        "tslib": "2.8.1"
      },
      "engines": {
        "node": ">=22.0.0"
      }
    },
    "node_modules/@supabase/supabase-js": {
      "version": "2.110.1",
      "resolved": "https://registry.npmjs.org/@supabase/supabase-js/-/supabase-js-2.110.1.tgz",
      "integrity": "sha512-MiJh0THZgyAvTWm91FOLknjH5dYjXRKOdxpuUsyTVZVXIf7FxCShzevIm4KGCubHRU2n25Gyt8PhTXIFzcD9FA==",
      "license": "MIT",
      "dependencies": {
        "@supabase/auth-js": "2.110.1",
        "@supabase/functions-js": "2.110.1",
        "@supabase/postgrest-js": "2.110.1",
        "@supabase/realtime-js": "2.110.1",
        "@supabase/storage-js": "2.110.1"
      },
      "engines": {
        "node": ">=22.0.0"
      }
    },
    "node_modules/entities": {
      "version": "2.2.0",
      "resolved": "https://registry.npmjs.org/entities/-/entities-2.2.0.tgz",
      "integrity": "sha512-p92if5Nz619I0w+akJrLZH0MX0Pb5DX39XOwQTtXSdQQOaYH03S1uIQp4mhOZtAXrxq4ViO67YTiLBo2638o9A==",
      "license": "BSD-2-Clause",
      "funding": {
        "url": "https://github.com/fb55/entities?sponsor=1"
      }
    },
    "node_modules/iceberg-js": {
      "version": "0.8.1",
      "resolved": "https://registry.npmjs.org/iceberg-js/-/iceberg-js-0.8.1.tgz",
      "integrity": "sha512-1dhVQZXhcHje7798IVM+xoo/1ZdVfzOMIc8/rgVSijRK38EDqOJoGula9N/8ZI5RD8QTxNQtK/Gozpr+qUqRRA==",
      "license": "MIT",
      "engines": {
        "node": ">=20.0.0"
      }
    },
    "node_modules/rss-parser": {
      "version": "3.13.0",
      "resolved": "https://registry.npmjs.org/rss-parser/-/rss-parser-3.13.0.tgz",
      "integrity": "sha512-7jWUBV5yGN3rqMMj7CZufl/291QAhvrrGpDNE4k/02ZchL0npisiYYqULF71jCEKoIiHvK/Q2e6IkDwPziT7+w==",
      "license": "MIT",
      "dependencies": {
        "entities": "^2.0.3",
        "xml2js": "^0.5.0"
      }
    },
    "node_modules/sax": {
      "version": "1.6.0",
      "resolved": "https://registry.npmjs.org/sax/-/sax-1.6.0.tgz",
      "integrity": "sha512-6R3J5M4AcbtLUdZmRv2SygeVaM7IhrLXu9BmnOGmmACak8fiUtOsYNWUS4uK7upbmHIBbLBeFeI//477BKLBzA==",
      "license": "BlueOak-1.0.0",
      "engines": {
        "node": ">=11.0.0"
      }
    },
    "node_modules/tslib": {
      "version": "2.8.1",
      "resolved": "https://registry.npmjs.org/tslib/-/tslib-2.8.1.tgz",
      "integrity": "sha512-oJFu94HQb+KVduSUQL7wnpmqnfmLsOA/nAh6b6EH0wCEoK0/mPeXU6c3wKDV83MkOuHPRHtSXKKU99IBazS/2w==",
      "license": "0BSD"
    },
    "node_modules/xml2js": {
      "version": "0.5.0",
      "resolved": "https://registry.npmjs.org/xml2js/-/xml2js-0.5.0.tgz",
      "integrity": "sha512-drPFnkQJik/O+uPKpqSgr22mpuFHqKdbS835iAQrUC73L2F5WkboIRd63ai/2Yg6I1jzifPFKH2NTK+cfglkIA==",
      "license": "MIT",
      "dependencies": {
        "sax": ">=0.6.0",
        "xmlbuilder": "~11.0.0"
      },
      "engines": {
        "node": ">=4.0.0"
      }
    },
    "node_modules/xmlbuilder": {
      "version": "11.0.1",
      "resolved": "https://registry.npmjs.org/xmlbuilder/-/xmlbuilder-11.0.1.tgz",
      "integrity": "sha512-fDlsI/kFEx7gLvbecc0/ohLG50fugQp8ryHzMTuW9vSa1GJ0XYWKnhsUx7oie3G98+r56aTQIUB4kht42R3JvA==",
      "license": "MIT",
      "engines": {
        "node": ">=4.0"
      }
    }
  }
}
